
Microsoft Visual Studio Solution File, Format Version 12.00
# Visual Studio Version 16
VisualStudioVersion = 16.0.30225.117
MinimumVisualStudioVersion = 10.0.40219.1
Project("{FAE04EC0-301F-11D3-BF4B-00C04F79EFBC}") = "EEPROM_Decoder_Tool", "EEPROM_Decoder_Tool\EEPROM_Decoder_Tool.csproj", "{378C6214-86B2-491D-ADFB-EF545AC2124C}"
EndProject
Global
	GlobalSection(SolutionConfigurationPlatforms) = preSolution
		Debug|Any CPU = Debug|Any CPU
		Release|Any CPU = Release|Any CPU
	EndGlobalSection
	GlobalSection(ProjectConfigurationPlatforms) = postSolution
		{378C6214-86B2-491D-ADFB-EF545AC2124C}.Debug|Any CPU.ActiveCfg = Debug|Any CPU
		{378C6214-86B2-491D-ADFB-EF545AC2124C}.Debug|Any CPU.Build.0 = Debug|Any CPU
		{378C6214-86B2-491D-ADFB-EF545AC2124C}.Release|Any CPU.ActiveCfg = Release|Any CPU
		{378C6214-86B2-491D-ADFB-EF545AC2124C}.Release|Any CPU.Build.0 = Release|Any CPU
	EndGlobalSection
	GlobalSection(SolutionProperties) = preSolution
		HideSolutionNode = FALSE
	EndGlobalSection
	GlobalSection(ExtensibilityGlobals) = postSolution
		SolutionGuid = {D6EDC2EC-C6FF-4E28-9D60-E87F0A8407F9}
	EndGlobalSection
EndGlobal
